# This file is autogenerated, do not edit; changes may be undone by the next 'dep ensure'.


[[projects]]
  name = "github.com/BurntSushi/toml"
  packages = ["."]
  revision = "b26d9c308763d68093482582cea63d69be07a0f0"
  version = "v0.3.0"

[[projects]]
  branch = "master"
  name = "github.com/HeavyHorst/consul-template"
  packages = ["child"]
  revision = "d11c25aadd7b633f4b957048983aab2bcfbc88f7"

[[projects]]
  name = "github.com/HeavyHorst/easykv"
  packages = [".","consul","env","etcd","etcd/etcdv2","etcd/etcdv3","file","mock","redis","vault","zookeeper"]
  revision = "68e769430462efb54e6290e57c6e1baa319fe401"
  version = "v1.2.1"

[[projects]]
  name = "github.com/HeavyHorst/memkv"
  packages = ["."]
  revision = "21e8df095e60c89d7130437bc9f39d268ac74cc6"
  version = "v1.0"

[[projects]]
  name = "github.com/HeavyHorst/pongo2"
  packages = ["."]
  revision = "082b30d780373f0069b89181489204f2310a7b3a"
  version = "v3.1"

[[projects]]
  branch = "master"
  name = "github.com/armon/go-radix"
  packages = ["."]
  revision = "1fca145dffbcaa8fe914309b1ec0cfc67500fe61"

[[projects]]
  name = "github.com/coreos/etcd"
  packages = ["auth/authpb","client","clientv3","etcdserver/api/v3rpc/rpctypes","etcdserver/etcdserverpb","mvcc/mvccpb","pkg/pathutil","pkg/srv","pkg/tlsutil","pkg/transport","pkg/types","version"]
  revision = "9d43462d174c664f5edf313dec0de31e1ef4ed47"
  version = "v3.2.6"

[[projects]]
  name = "github.com/coreos/go-semver"
  packages = ["semver"]
  revision = "8ab6407b697782a06568d4b7f1db25550ec2e4c6"
  version = "v0.2.0"

[[projects]]
  name = "github.com/dlclark/regexp2"
  packages = [".","syntax"]
  revision = "487489b64fb796de2e55f4e8a4ad1e145f80e957"
  version = "v1.1.6"

[[projects]]
  branch = "master"
  name = "github.com/dop251/goja"
  packages = [".","ast","file","parser","token"]
  revision = "613f33eefdee5996ef938043efe8f1a9955fb8cc"

[[projects]]
  name = "github.com/fatih/structs"
  packages = ["."]
  revision = "a720dfa8df582c51dee1b36feabb906bde1588bd"
  version = "v1.0"

[[projects]]
  name = "github.com/fsnotify/fsnotify"
  packages = ["."]
  revision = "629574ca2a5df945712d3079857300b5e4da0236"
  version = "v1.4.2"

[[projects]]
  name = "github.com/garyburd/redigo"
  packages = ["internal","redis"]
  revision = "433969511232c397de61b1442f9fd49ec06ae9ba"
  version = "v1.1.0"

[[projects]]
  branch = "master"
  name = "github.com/golang/protobuf"
  packages = ["proto","ptypes/any"]
  revision = "ab9f9a6dab164b7d1246e0e688b0ab7b94d8553e"

[[projects]]
  branch = "master"
  name = "github.com/golang/snappy"
  packages = ["."]
  revision = "553a641470496b2327abcac10b36396bd98e45c9"

[[projects]]
  name = "github.com/hashicorp/consul"
  packages = ["api"]
  revision = "75ca2cace08e38de8af1731ee8614d0533d5a4d4"
  version = "v0.9.2"

[[projects]]
  name = "github.com/hashicorp/consul-template"
  packages = ["signals"]
  revision = "cfe084f488f915b3e41b00824a3e07d79e3677aa"
  version = "v0.19.0"

[[projects]]
  branch = "master"
  name = "github.com/hashicorp/errwrap"
  packages = ["."]
  revision = "7554cd9344cec97297fa6649b055a8c98c2a1e55"

[[projects]]
  branch = "master"
  name = "github.com/hashicorp/go-cleanhttp"
  packages = ["."]
  revision = "3573b8b52aa7b37b9358d966a898feb387f62437"

[[projects]]
  branch = "master"
  name = "github.com/hashicorp/go-multierror"
  packages = ["."]
  revision = "83588e72410abfbe4df460eeb6f30841ae47d4c4"

[[projects]]
  branch = "master"
  name = "github.com/hashicorp/go-reap"
  packages = ["."]
  revision = "bf58d8a43e7b6bf026d99d6295c4de703b67b374"

[[projects]]
  branch = "master"
  name = "github.com/hashicorp/go-rootcerts"
  packages = ["."]
  revision = "6bb64b370b90e7ef1fa532be9e591a81c3493e00"

[[projects]]
  branch = "master"
  name = "github.com/hashicorp/hcl"
  packages = [".","hcl/ast","hcl/parser","hcl/scanner","hcl/strconv","hcl/token","json/parser","json/scanner","json/token"]
  revision = "392dba7d905ed5d04a5794ba89f558b27e2ba1ca"

[[projects]]
  name = "github.com/hashicorp/serf"
  packages = ["coordinate"]
  revision = "d6574a5bb1226678d7010325fb6c985db20ee458"
  version = "v0.8.1"

[[projects]]
  name = "github.com/hashicorp/vault"
  packages = ["api","helper/compressutil","helper/jsonutil","helper/parseutil"]
  revision = "8d76a41854608c547a233f2e6292ae5355154695"
  version = "v0.8.1"

[[projects]]
  branch = "master"
  name = "github.com/juju/errors"
  packages = ["."]
  revision = "c7d06af17c68cd34c835053720b21f6549d9b0ee"

[[projects]]
  name = "github.com/mattn/go-colorable"
  packages = ["."]
  revision = "167de6bfdfba052fa6b2d3664c8f5272e23c9072"
  version = "v0.0.9"

[[projects]]
  name = "github.com/mattn/go-isatty"
  packages = ["."]
  revision = "fc9e8d8ef48496124e79ae0df75490096eccf6fe"
  version = "v0.0.2"

[[projects]]
  name = "github.com/mattn/go-shellwords"
  packages = ["."]
  revision = "02e3cf038dcea8290e44424da473dd12be796a8a"
  version = "v1.0.3"

[[projects]]
  branch = "master"
  name = "github.com/mgutz/ansi"
  packages = ["."]
  revision = "9520e82c474b0a04dd04f8a40959027271bab992"

[[projects]]
  branch = "master"
  name = "github.com/mickep76/iodatafmt"
  packages = ["yaml_mapstr"]
  revision = "f18fde15e7294cc81a4bb52af69487751d34a9c4"

[[projects]]
  branch = "master"
  name = "github.com/mitchellh/go-homedir"
  packages = ["."]
  revision = "b8bc1bf767474819792c23f32d8286a45736f1c6"

[[projects]]
  branch = "master"
  name = "github.com/mitchellh/mapstructure"
  packages = ["."]
  revision = "d0303fe809921458f417bcf828397a65db30a7e4"

[[projects]]
  name = "github.com/natefinch/pie"
  packages = ["."]
  revision = "9a0d7201400759b777f38c0c2d7b0be4e3e8b5c9"
  version = "v1.0"

[[projects]]
  name = "github.com/pborman/uuid"
  packages = ["."]
  revision = "e790cca94e6cc75c7064b1332e63811d4aae1a53"
  version = "v1.1"

[[projects]]
  name = "github.com/pkg/errors"
  packages = ["."]
  revision = "645ef00459ed84a119197bfb8d8205042c6df63d"
  version = "v0.8.0"

[[projects]]
  branch = "master"
  name = "github.com/sethgrid/pester"
  packages = ["."]
  revision = "a86a2d88f4dc3c7dbf3a6a6bbbfb095690b834b6"

[[projects]]
  name = "github.com/sirupsen/logrus"
  packages = ["."]
  revision = "f006c2ac4710855cf0f916dd6b77acf6b048dc6e"
  version = "v1.0.3"

[[projects]]
  branch = "master"
  name = "github.com/tevino/go-zookeeper"
  packages = ["zk"]
  revision = "c218ec636befdf6cdf800c0218b7131ff4de7687"

[[projects]]
  branch = "master"
  name = "github.com/ugorji/go"
  packages = ["codec"]
  revision = "5efa3251c7f7d05e5d9704a69a984ec9f1386a40"

[[projects]]
  name = "github.com/x-cray/logrus-prefixed-formatter"
  packages = ["."]
  revision = "bb2702d423886830dee131692131d35648c382e2"
  version = "v0.5.2"

[[projects]]
  branch = "master"
  name = "golang.org/x/crypto"
  packages = ["cast5","openpgp","openpgp/armor","openpgp/elgamal","openpgp/errors","openpgp/packet","openpgp/s2k","ssh/terminal"]
  revision = "eb71ad9bd329b5ac0fd0148dd99bd62e8be8e035"

[[projects]]
  branch = "master"
  name = "golang.org/x/net"
  packages = ["context","http2","http2/hpack","idna","internal/timeseries","lex/httplex","trace"]
  revision = "57efc9c3d9f91fb3277f8da1cff370539c4d3dc5"

[[projects]]
  branch = "master"
  name = "golang.org/x/sys"
  packages = ["unix","windows"]
  revision = "07c182904dbd53199946ba614a412c61d3c548f5"

[[projects]]
  branch = "master"
  name = "golang.org/x/text"
  packages = ["cases","collate","collate/build","internal","internal/colltab","internal/gen","internal/tag","internal/triegen","internal/ucd","language","secure/bidirule","transform","unicode/bidi","unicode/cldr","unicode/norm","unicode/rangetable"]
  revision = "ac87088df8ef557f1e32cd00ed0b6fbc3f7ddafb"

[[projects]]
  branch = "master"
  name = "google.golang.org/genproto"
  packages = ["googleapis/rpc/status"]
  revision = "ee236bd376b077c7a89f260c026c4735b195e459"

[[projects]]
  name = "google.golang.org/grpc"
  packages = [".","codes","connectivity","credentials","grpclb/grpc_lb_v1","grpclog","internal","keepalive","metadata","naming","peer","stats","status","tap","transport"]
  revision = "b3ddf786825de56a4178401b7e174ee332173b66"
  version = "v1.5.2"

[[projects]]
  branch = "v1"
  name = "gopkg.in/check.v1"
  packages = ["."]
  revision = "20d25e2804050c1cd24a7eea1e7a6447dd0e74ec"

[[projects]]
  branch = "v2"
  name = "gopkg.in/yaml.v2"
  packages = ["."]
  revision = "eb3733d160e74a9c7e442f435eb3bea458e1d19f"

[solve-meta]
  analyzer-name = "dep"
  analyzer-version = 1
  inputs-digest = "b944c6f31dff94c2403a710a28c0d9a82c5b2b65a617f308a175ebc233ae30af"
  solver-name = "gps-cdcl"
  solver-version = 1
